
Microsoft Visual Studio Solution File, Format Version 12.00
# Visual Studio Version 17
VisualStudioVersion = 17.6.33712.159
MinimumVisualStudioVersion = 10.0.40219.1
Project("{FAE04EC0-301F-11D3-BF4B-00C04F79EFBC}") = "WordLib", "WordLib\WordLib.csproj", "{40967E97-EA18-4385-B9F3-CA1F2F470BE1}"
EndProject
Project("{FAE04EC0-301F-11D3-BF4B-00C04F79EFBC}") = "WordLibTest", "WordLibTest\WordLibTest.csproj", "{B4783B34-4224-4CA1-B1D2-F0FC11A83A2E}"
EndProject
Global
	GlobalSection(SolutionConfigurationPlatforms) = preSolution
		Debug|Any CPU = Debug|Any CPU
		Release|Any CPU = Release|Any CPU
	EndGlobalSection
	GlobalSection(ProjectConfigurationPlatforms) = postSolution
		{40967E97-EA18-4385-B9F3-CA1F2F470BE1}.Debug|Any CPU.ActiveCfg = Debug|Any CPU
		{40967E97-EA18-4385-B9F3-CA1F2F470BE1}.Debug|Any CPU.Build.0 = Debug|Any CPU
		{40967E97-EA18-4385-B9F3-CA1F2F470BE1}.Release|Any CPU.ActiveCfg = Release|Any CPU
		{40967E97-EA18-4385-B9F3-CA1F2F470BE1}.Release|Any CPU.Build.0 = Release|Any CPU
		{B4783B34-4224-4CA1-B1D2-F0FC11A83A2E}.Debug|Any CPU.ActiveCfg = Debug|Any CPU
		{B4783B34-4224-4CA1-B1D2-F0FC11A83A2E}.Debug|Any CPU.Build.0 = Debug|Any CPU
		{B4783B34-4224-4CA1-B1D2-F0FC11A83A2E}.Release|Any CPU.ActiveCfg = Release|Any CPU
		{B4783B34-4224-4CA1-B1D2-F0FC11A83A2E}.Release|Any CPU.Build.0 = Release|Any CPU
	EndGlobalSection
	GlobalSection(SolutionProperties) = preSolution
		HideSolutionNode = FALSE
	EndGlobalSection
	GlobalSection(ExtensibilityGlobals) = postSolution
		SolutionGuid = {8A394064-12FF-4D25-BE5B-C215D4FD51C9}
	EndGlobalSection
EndGlobal
